PODS:
  - CocoaLumberjack (3.2.1):
    - CocoaLumberjack/Default (= 3.2.1)
    - CocoaLumberjack/Extensions (= 3.2.1)
  - CocoaLumberjack/Default (3.2.1)
  - CocoaLumberjack/Extensions (3.2.1):
    - CocoaLumberjack/Default
  - IQKeyboardManager (6.5.6)
  - M80AttributedLabel (1.3.3)
  - Masonry (1.1.0)
  - MJRefresh (3.5.0)
  - Nama-lite (7.1.2)
  - NERtcSDK (3.8.1)
  - NIMSDK_LITE (7.8.4)
  - Reachability (3.2)
  - ReactiveObjC (3.1.1)
  - SDWebImage (5.7.4):
    - SDWebImage/Core (= 5.7.4)
  - SDWebImage/Core (5.7.4)
  - Toast (4.0.0)
  - YYModel (1.0.4)

DEPENDENCIES:
  - CocoaLumberjack (~> 3.2.1)
  - IQKeyboardManager (~> 6.5.6)
  - M80AttributedLabel (~> 1.3.1)
  - Masonry
  - MJRefresh
  - Nama-lite (= 7.1.2)
  - NERtcSDK (~> 3.8.1)
  - NIMSDK_LITE (= 7.8.4)
  - Reachability
  - ReactiveObjC (~> 3.1.0)
  - SDWebImage (~> 5.7.1)
  - Toast
  - YYModel

SPEC REPOS:
  https://github.com/cocoapods/specs.git:
    - CocoaLumberjack
    - IQKeyboardManager
    - M80AttributedLabel
    - Masonry
    - MJRefresh
    - Nama-lite
    - NERtcSDK
    - NIMSDK_LITE
    - Reachability
    - ReactiveObjC
    - SDWebImage
    - Toast
    - YYModel

SPEC CHECKSUMS:
  CocoaLumberjack: 2800c03334042fe80589423c8d80e582dcaec482
  IQKeyboardManager: 2a6e97afdafc7becf0cb17a9a8d795e3a980717f
  M80AttributedLabel: 3bcacb2d85e6c66e32fb930aac2f04eca3974106
  Masonry: 678fab65091a9290e40e2832a55e7ab731aad201
  MJRefresh: 6afc955813966afb08305477dd7a0d9ad5e79a16
  Nama-lite: c159bac674153b9031259db0a4ac055a960526a8
  NERtcSDK: f854e400a1f3dcede6f4aa1e5471820794ac3e41
  NIMSDK_LITE: 7648e6c96addbc932bc60dc89e66785cb4412f58
  Reachability: 33e18b67625424e47b6cde6d202dce689ad7af96
  ReactiveObjC: 011caa393aa0383245f2dcf9bf02e86b80b36040
  SDWebImage: 48b88379b798fd1e4298f95bb25d2cdabbf4deb3
  Toast: 91b396c56ee72a5790816f40d3a94dd357abc196
  YYModel: 2a7fdd96aaa4b86a824e26d0c517de8928c04b30

PODFILE CHECKSUM: c1009919959f18d7421b82f061f8dff0607057bb

COCOAPODS: 1.7.1
