// !$*UTF8*$!
{
	archiveVersion = 1;
	classes = {
	};
	objectVersion = 51;
	objects = {

/* Begin PBXBuildFile section */
		4B1CE8D87B045036DB9DCCAE /* Pods_NLiteAVDemo.framework in Frameworks */ = {isa = PBXBuildFile; fileRef = 351BD670226DDD5B57B8EBF7 /* Pods_NLiteAVDemo.framework */; };
		C71DDB102566449700E28A27 /* NEModifyNicknameTask.m in Sources */ = {isa = PBXBuildFile; fileRef = C71DDB0F2566449700E28A27 /* NEModifyNicknameTask.m */; };
		C71DDB13256670E500E28A27 /* NEEvaluateTask.m in Sources */ = {isa = PBXBuildFile; fileRef = C71DDB12256670E500E28A27 /* NEEvaluateTask.m */; };
		C71DDB162566990F00E28A27 /* NEEvaluateListView.m in Sources */ = {isa = PBXBuildFile; fileRef = C71DDB152566990F00E28A27 /* NEEvaluateListView.m */; };
		C733D964257E05D8000C0835 /* NEGroupUserModel.m in Sources */ = {isa = PBXBuildFile; fileRef = C733D963257E05D8000C0835 /* NEGroupUserModel.m */; };
		C758CCDA24EB7F5A003C406A /* AppDelegate.m in Sources */ = {isa = PBXBuildFile; fileRef = C758CCD924EB7F5A003C406A /* AppDelegate.m */; };
		C758CCE324EB7F5A003C406A /* Main.storyboard in Resources */ = {isa = PBXBuildFile; fileRef = C758CCE124EB7F5A003C406A /* Main.storyboard */; };
		C758CCE524EB7F5F003C406A /* Assets.xcassets in Resources */ = {isa = PBXBuildFile; fileRef = C758CCE424EB7F5F003C406A /* Assets.xcassets */; };
		C758CCE824EB7F5F003C406A /* LaunchScreen.storyboard in Resources */ = {isa = PBXBuildFile; fileRef = C758CCE624EB7F5F003C406A /* LaunchScreen.storyboard */; };
		C758CCEB24EB7F5F003C406A /* main.m in Sources */ = {isa = PBXBuildFile; fileRef = C758CCEA24EB7F5F003C406A /* main.m */; };
		C75A1E5C2590C6D70059B715 /* NETSFUManger.m in Sources */ = {isa = PBXBuildFile; fileRef = C75A1E5A2590C6D70059B715 /* NETSFUManger.m */; };
		C75A1E5F2590C7050059B715 /* NETSBeautyParam.m in Sources */ = {isa = PBXBuildFile; fileRef = C75A1E5D2590C7050059B715 /* NETSBeautyParam.m */; };
		C75A1E632590C9070059B715 /* NEUser.m in Sources */ = {isa = PBXBuildFile; fileRef = C75A1E622590C9070059B715 /* NEUser.m */; };
		C75E3E4825637B0F001A4296 /* NEPersonView.m in Sources */ = {isa = PBXBuildFile; fileRef = C75E3E4725637B0F001A4296 /* NEPersonView.m */; };
		C75E3E4B25637C00001A4296 /* NEBaseTableViewController.m in Sources */ = {isa = PBXBuildFile; fileRef = C75E3E4A25637C00001A4296 /* NEBaseTableViewController.m */; };
		C75E3E4E25637D5F001A4296 /* NEPersonVC.m in Sources */ = {isa = PBXBuildFile; fileRef = C75E3E4D25637D5F001A4296 /* NEPersonVC.m */; };
		C75E3E512563A0A3001A4296 /* NEPersonTableViewCell.m in Sources */ = {isa = PBXBuildFile; fileRef = C75E3E502563A0A3001A4296 /* NEPersonTableViewCell.m */; };
		C75E3E542563ABE8001A4296 /* NEPersonInfoVC.m in Sources */ = {isa = PBXBuildFile; fileRef = C75E3E532563ABE8001A4296 /* NEPersonInfoVC.m */; };
		C75E3E572563ADF8001A4296 /* NEPersonTextCell.m in Sources */ = {isa = PBXBuildFile; fileRef = C75E3E562563ADF8001A4296 /* NEPersonTextCell.m */; };
		C75E3E5F2563B9AF001A4296 /* NENicknameVC.m in Sources */ = {isa = PBXBuildFile; fileRef = C75E3E5E2563B9AF001A4296 /* NENicknameVC.m */; };
		C75E3E622563C4EE001A4296 /* NEAboutViewController.m in Sources */ = {isa = PBXBuildFile; fileRef = C75E3E612563C4EE001A4296 /* NEAboutViewController.m */; };
		C75E3E652563CD1E001A4296 /* NEBaseWebViewController.m in Sources */ = {isa = PBXBuildFile; fileRef = C75E3E642563CD1E001A4296 /* NEBaseWebViewController.m */; };
		C75E3E682563D1C5001A4296 /* NEJoinRoomTask.m in Sources */ = {isa = PBXBuildFile; fileRef = C75E3E672563D1C5001A4296 /* NEJoinRoomTask.m */; };
		C7664ECC2511AE1E005E26A2 /* NESendSmsCodeTask.m in Sources */ = {isa = PBXBuildFile; fileRef = C7664E8A2511AE1D005E26A2 /* NESendSmsCodeTask.m */; };
		C7664ECD2511AE1E005E26A2 /* NEAccountTask.m in Sources */ = {isa = PBXBuildFile; fileRef = C7664E8B2511AE1D005E26A2 /* NEAccountTask.m */; };
		C7664ECE2511AE1E005E26A2 /* NEAccountTask.m in Sources */ = {isa = PBXBuildFile; fileRef = C7664E8E2511AE1D005E26A2 /* NEAccountTask.m */; };
		C7664ECF2511AE1E005E26A2 /* NTFInputSmsVC.m in Sources */ = {isa = PBXBuildFile; fileRef = C7664E912511AE1D005E26A2 /* NTFInputSmsVC.m */; };
		C7664ED02511AE1E005E26A2 /* NELoginOptions.m in Sources */ = {isa = PBXBuildFile; fileRef = C7664E922511AE1D005E26A2 /* NELoginOptions.m */; };
		C7664ED12511AE1E005E26A2 /* NTELoginVC.m in Sources */ = {isa = PBXBuildFile; fileRef = C7664E952511AE1D005E26A2 /* NTELoginVC.m */; };
		C7664ED22511AE1E005E26A2 /* NECountDownButton.m in Sources */ = {isa = PBXBuildFile; fileRef = C7664E962511AE1D005E26A2 /* NECountDownButton.m */; };
		C7664ED32511AE1E005E26A2 /* NTFSmsInputView.m in Sources */ = {isa = PBXBuildFile; fileRef = C7664E992511AE1D005E26A2 /* NTFSmsInputView.m */; };
		C7664ED42511AE1E005E26A2 /* NEMenuCell.m in Sources */ = {isa = PBXBuildFile; fileRef = C7664E9C2511AE1D005E26A2 /* NEMenuCell.m */; };
		C7664ED52511AE1E005E26A2 /* NEMenuViewController.m in Sources */ = {isa = PBXBuildFile; fileRef = C7664E9D2511AE1D005E26A2 /* NEMenuViewController.m */; };
		C7664ED62511AE1E005E26A2 /* NENavCustomView.m in Sources */ = {isa = PBXBuildFile; fileRef = C7664E9E2511AE1D005E26A2 /* NENavCustomView.m */; };
		C7664ED72511AE1E005E26A2 /* NETask.m in Sources */ = {isa = PBXBuildFile; fileRef = C7664EA42511AE1D005E26A2 /* NETask.m */; };
		C7664ED82511AE1E005E26A2 /* NEService.m in Sources */ = {isa = PBXBuildFile; fileRef = C7664EA62511AE1D005E26A2 /* NEService.m */; };
		C7664ED92511AE1E005E26A2 /* UIView+NTES.m in Sources */ = {isa = PBXBuildFile; fileRef = C7664EAB2511AE1D005E26A2 /* UIView+NTES.m */; };
		C7664EDA2511AE1E005E26A2 /* UIImage+NTES.m in Sources */ = {isa = PBXBuildFile; fileRef = C7664EAE2511AE1D005E26A2 /* UIImage+NTES.m */; };
		C7664EDB2511AE1E005E26A2 /* UIColor+NTES.m in Sources */ = {isa = PBXBuildFile; fileRef = C7664EB02511AE1D005E26A2 /* UIColor+NTES.m */; };
		C7664EDC2511AE1E005E26A2 /* NSDictionary+NTESJson.m in Sources */ = {isa = PBXBuildFile; fileRef = C7664EB12511AE1D005E26A2 /* NSDictionary+NTESJson.m */; };
		C7664EDD2511AE1E005E26A2 /* NEBaseViewController.m in Sources */ = {isa = PBXBuildFile; fileRef = C7664EB42511AE1D005E26A2 /* NEBaseViewController.m */; };
		C7664EDE2511AE1E005E26A2 /* NSMacro.m in Sources */ = {isa = PBXBuildFile; fileRef = C7664EB62511AE1D005E26A2 /* NSMacro.m */; };
		C7664EDF2511AE1E005E26A2 /* NENavigator.m in Sources */ = {isa = PBXBuildFile; fileRef = C7664EBA2511AE1D005E26A2 /* NENavigator.m */; };
		C7664EE02511AE1E005E26A2 /* NEAccount.m in Sources */ = {isa = PBXBuildFile; fileRef = C7664EBD2511AE1D005E26A2 /* NEAccount.m */; };
		C76ED4982567E12400BD959F /* NEUserInfoTask.m in Sources */ = {isa = PBXBuildFile; fileRef = C76ED4972567E12400BD959F /* NEUserInfoTask.m */; };
		C780049D25622831002F07C9 /* NEOperationView.m in Sources */ = {isa = PBXBuildFile; fileRef = C780049C25622831002F07C9 /* NEOperationView.m */; };
		C78004A025622BFD002F07C9 /* NEGroupVideoVC.m in Sources */ = {isa = PBXBuildFile; fileRef = C780049F25622BFD002F07C9 /* NEGroupVideoVC.m */; };
		C78004A325624C5D002F07C9 /* NEGroupVideoView.m in Sources */ = {isa = PBXBuildFile; fileRef = C78004A225624C5D002F07C9 /* NEGroupVideoView.m */; };
		C78004A9256265A0002F07C9 /* NEEvaluateThankView.m in Sources */ = {isa = PBXBuildFile; fileRef = C78004A8256265A0002F07C9 /* NEEvaluateThankView.m */; };
		C78004AC2562A447002F07C9 /* NEEvaluateVC.m in Sources */ = {isa = PBXBuildFile; fileRef = C78004AB2562A447002F07C9 /* NEEvaluateVC.m */; };
		C79CC98A255E5C70003B9886 /* NEGroupVideoJoinVC.m in Sources */ = {isa = PBXBuildFile; fileRef = C79CC989255E5C70003B9886 /* NEGroupVideoJoinVC.m */; };
		C7B80210256B680400446AF7 /* NSString+NE.m in Sources */ = {isa = PBXBuildFile; fileRef = C7B8020F256B680400446AF7 /* NSString+NE.m */; };
		C7B80214256B9B5700446AF7 /* NEStatementVC.m in Sources */ = {isa = PBXBuildFile; fileRef = C7B80212256B9B5700446AF7 /* NEStatementVC.m */; };
		C7B80215256B9B5700446AF7 /* NEStatementVC.xib in Resources */ = {isa = PBXBuildFile; fileRef = C7B80213256B9B5700446AF7 /* NEStatementVC.xib */; };
		C7B80218256BB74800446AF7 /* NEFeedbackDemoVC.m in Sources */ = {isa = PBXBuildFile; fileRef = C7B80217256BB74800446AF7 /* NEFeedbackDemoVC.m */; };
		C7C099C2256A5E0100086B1F /* NEFeedbackVC.m in Sources */ = {isa = PBXBuildFile; fileRef = C7C099C1256A5E0100086B1F /* NEFeedbackVC.m */; };
		C7C099C6256A60B700086B1F /* NEFeedbackInputCell.m in Sources */ = {isa = PBXBuildFile; fileRef = C7C099C4256A60B700086B1F /* NEFeedbackInputCell.m */; };
		C7C099C7256A60B700086B1F /* NEFeedbackInputCell.xib in Resources */ = {isa = PBXBuildFile; fileRef = C7C099C5256A60B700086B1F /* NEFeedbackInputCell.xib */; };
		C7C099CA256AA0DC00086B1F /* NEFeedbackListVC.m in Sources */ = {isa = PBXBuildFile; fileRef = C7C099C9256AA0DC00086B1F /* NEFeedbackListVC.m */; };
		C7C099CD256AA22400086B1F /* NEFeedbackListSectionView.m in Sources */ = {isa = PBXBuildFile; fileRef = C7C099CC256AA22400086B1F /* NEFeedbackListSectionView.m */; };
		C7C099D1256AAAC400086B1F /* NEFeedbackListCell.m in Sources */ = {isa = PBXBuildFile; fileRef = C7C099CF256AAAC400086B1F /* NEFeedbackListCell.m */; };
		C7C099D5256AABC100086B1F /* NEFeedbackInfo.m in Sources */ = {isa = PBXBuildFile; fileRef = C7C099D4256AABC100086B1F /* NEFeedbackInfo.m */; };
/* End PBXBuildFile section */

/* Begin PBXCopyFilesBuildPhase section */
		C79685B524F901890093AF5C /* Embed Frameworks */ = {
			isa = PBXCopyFilesBuildPhase;
			buildActionMask = 2147483647;
			dstPath = "";
			dstSubfolderSpec = 10;
			files = (
			);
			name = "Embed Frameworks";
			runOnlyForDeploymentPostprocessing = 0;
		};
/* End PBXCopyFilesBuildPhase section */

/* Begin PBXFileReference section */
		351BD670226DDD5B57B8EBF7 /* Pods_NLiteAVDemo.framework */ = {isa = PBXFileReference; explicitFileType = wrapper.framework; includeInIndex = 0; path = Pods_NLiteAVDemo.framework; sourceTree = BUILT_PRODUCTS_DIR; };
		9C3E631E57C6DCADE269362E /* Pods-NLiteAVDemo.debug.xcconfig */ = {isa = PBXFileReference; includeInIndex = 1; lastKnownFileType = text.xcconfig; name = "Pods-NLiteAVDemo.debug.xcconfig"; path = "Target Support Files/Pods-NLiteAVDemo/Pods-NLiteAVDemo.debug.xcconfig"; sourceTree = "<group>"; };
		C71DDB0E2566449700E28A27 /* NEModifyNicknameTask.h */ = {isa = PBXFileReference; lastKnownFileType = sourcecode.c.h; path = NEModifyNicknameTask.h; sourceTree = "<group>"; };
		C71DDB0F2566449700E28A27 /* NEModifyNicknameTask.m */ = {isa = PBXFileReference; lastKnownFileType = sourcecode.c.objc; path = NEModifyNicknameTask.m; sourceTree = "<group>"; };
		C71DDB11256670E500E28A27 /* NEEvaluateTask.h */ = {isa = PBXFileReference; lastKnownFileType = sourcecode.c.h; path = NEEvaluateTask.h; sourceTree = "<group>"; };
		C71DDB12256670E500E28A27 /* NEEvaluateTask.m */ = {isa = PBXFileReference; lastKnownFileType = sourcecode.c.objc; path = NEEvaluateTask.m; sourceTree = "<group>"; };
		C71DDB142566990F00E28A27 /* NEEvaluateListView.h */ = {isa = PBXFileReference; lastKnownFileType = sourcecode.c.h; path = NEEvaluateListView.h; sourceTree = "<group>"; };
		C71DDB152566990F00E28A27 /* NEEvaluateListView.m */ = {isa = PBXFileReference; lastKnownFileType = sourcecode.c.objc; path = NEEvaluateListView.m; sourceTree = "<group>"; };
		C728EEE32500D77D00D27176 /* AppKey.h */ = {isa = PBXFileReference; lastKnownFileType = sourcecode.c.h; path = AppKey.h; sourceTree = "<group>"; };
		C733D962257E05D8000C0835 /* NEGroupUserModel.h */ = {isa = PBXFileReference; lastKnownFileType = sourcecode.c.h; path = NEGroupUserModel.h; sourceTree = "<group>"; };
		C733D963257E05D8000C0835 /* NEGroupUserModel.m */ = {isa = PBXFileReference; lastKnownFileType = sourcecode.c.objc; path = NEGroupUserModel.m; sourceTree = "<group>"; };
		C758CCD524EB7F5A003C406A /* 云信视频通话.app */ = {isa = PBXFileReference; explicitFileType = wrapper.application; includeInIndex = 0; path = "云信视频通话.app"; sourceTree = BUILT_PRODUCTS_DIR; };
		C758CCD824EB7F5A003C406A /* AppDelegate.h */ = {isa = PBXFileReference; lastKnownFileType = sourcecode.c.h; path = AppDelegate.h; sourceTree = "<group>"; };
		C758CCD924EB7F5A003C406A /* AppDelegate.m */ = {isa = PBXFileReference; lastKnownFileType = sourcecode.c.objc; path = AppDelegate.m; sourceTree = "<group>"; };
		C758CCE224EB7F5A003C406A /* Base */ = {isa = PBXFileReference; lastKnownFileType = file.storyboard; name = Base; path = Base.lproj/Main.storyboard; sourceTree = "<group>"; };
		C758CCE424EB7F5F003C406A /* Assets.xcassets */ = {isa = PBXFileReference; lastKnownFileType = folder.assetcatalog; path = Assets.xcassets; sourceTree = "<group>"; };
		C758CCE724EB7F5F003C406A /* Base */ = {isa = PBXFileReference; lastKnownFileType = file.storyboard; name = Base; path = Base.lproj/LaunchScreen.storyboard; sourceTree = "<group>"; };
		C758CCE924EB7F5F003C406A /* Info.plist */ = {isa = PBXFileReference; lastKnownFileType = text.plist.xml; path = Info.plist; sourceTree = "<group>"; };
		C758CCEA24EB7F5F003C406A /* main.m */ = {isa = PBXFileReference; lastKnownFileType = sourcecode.c.objc; path = main.m; sourceTree = "<group>"; };
		C75A1E5A2590C6D70059B715 /* NETSFUManger.m */ = {isa = PBXFileReference; fileEncoding = 4; lastKnownFileType = sourcecode.c.objc; path = NETSFUManger.m; sourceTree = "<group>"; };
		C75A1E5B2590C6D70059B715 /* NETSFUManger.h */ = {isa = PBXFileReference; fileEncoding = 4; lastKnownFileType = sourcecode.c.h; path = NETSFUManger.h; sourceTree = "<group>"; };
		C75A1E5D2590C7050059B715 /* NETSBeautyParam.m */ = {isa = PBXFileReference; fileEncoding = 4; lastKnownFileType = sourcecode.c.objc; path = NETSBeautyParam.m; sourceTree = "<group>"; };
		C75A1E5E2590C7050059B715 /* NETSBeautyParam.h */ = {isa = PBXFileReference; fileEncoding = 4; lastKnownFileType = sourcecode.c.h; path = NETSBeautyParam.h; sourceTree = "<group>"; };
		C75A1E602590C7250059B715 /* authpack.h */ = {isa = PBXFileReference; lastKnownFileType = sourcecode.c.h; name = authpack.h; path = ../authpack.h; sourceTree = "<group>"; };
		C75A1E612590C9070059B715 /* NEUser.h */ = {isa = PBXFileReference; fileEncoding = 4; lastKnownFileType = sourcecode.c.h; path = NEUser.h; sourceTree = "<group>"; };
		C75A1E622590C9070059B715 /* NEUser.m */ = {isa = PBXFileReference; fileEncoding = 4; lastKnownFileType = sourcecode.c.objc; path = NEUser.m; sourceTree = "<group>"; };
		C75E3E4625637B0F001A4296 /* NEPersonView.h */ = {isa = PBXFileReference; lastKnownFileType = sourcecode.c.h; path = NEPersonView.h; sourceTree = "<group>"; };
		C75E3E4725637B0F001A4296 /* NEPersonView.m */ = {isa = PBXFileReference; lastKnownFileType = sourcecode.c.objc; path = NEPersonView.m; sourceTree = "<group>"; };
		C75E3E4925637C00001A4296 /* NEBaseTableViewController.h */ = {isa = PBXFileReference; lastKnownFileType = sourcecode.c.h; path = NEBaseTableViewController.h; sourceTree = "<group>"; };
		C75E3E4A25637C00001A4296 /* NEBaseTableViewController.m */ = {isa = PBXFileReference; lastKnownFileType = sourcecode.c.objc; path = NEBaseTableViewController.m; sourceTree = "<group>"; };
		C75E3E4C25637D5F001A4296 /* NEPersonVC.h */ = {isa = PBXFileReference; lastKnownFileType = sourcecode.c.h; path = NEPersonVC.h; sourceTree = "<group>"; };
		C75E3E4D25637D5F001A4296 /* NEPersonVC.m */ = {isa = PBXFileReference; lastKnownFileType = sourcecode.c.objc; path = NEPersonVC.m; sourceTree = "<group>"; };
		C75E3E4F2563A0A3001A4296 /* NEPersonTableViewCell.h */ = {isa = PBXFileReference; lastKnownFileType = sourcecode.c.h; path = NEPersonTableViewCell.h; sourceTree = "<group>"; };
		C75E3E502563A0A3001A4296 /* NEPersonTableViewCell.m */ = {isa = PBXFileReference; lastKnownFileType = sourcecode.c.objc; path = NEPersonTableViewCell.m; sourceTree = "<group>"; };
		C75E3E522563ABE8001A4296 /* NEPersonInfoVC.h */ = {isa = PBXFileReference; lastKnownFileType = sourcecode.c.h; path = NEPersonInfoVC.h; sourceTree = "<group>"; };
		C75E3E532563ABE8001A4296 /* NEPersonInfoVC.m */ = {isa = PBXFileReference; lastKnownFileType = sourcecode.c.objc; path = NEPersonInfoVC.m; sourceTree = "<group>"; };
		C75E3E552563ADF8001A4296 /* NEPersonTextCell.h */ = {isa = PBXFileReference; lastKnownFileType = sourcecode.c.h; path = NEPersonTextCell.h; sourceTree = "<group>"; };
		C75E3E562563ADF8001A4296 /* NEPersonTextCell.m */ = {isa = PBXFileReference; lastKnownFileType = sourcecode.c.objc; path = NEPersonTextCell.m; sourceTree = "<group>"; };
		C75E3E5D2563B9AF001A4296 /* NENicknameVC.h */ = {isa = PBXFileReference; lastKnownFileType = sourcecode.c.h; path = NENicknameVC.h; sourceTree = "<group>"; };
		C75E3E5E2563B9AF001A4296 /* NENicknameVC.m */ = {isa = PBXFileReference; lastKnownFileType = sourcecode.c.objc; path = NENicknameVC.m; sourceTree = "<group>"; };
		C75E3E602563C4EE001A4296 /* NEAboutViewController.h */ = {isa = PBXFileReference; lastKnownFileType = sourcecode.c.h; path = NEAboutViewController.h; sourceTree = "<group>"; };
		C75E3E612563C4EE001A4296 /* NEAboutViewController.m */ = {isa = PBXFileReference; lastKnownFileType = sourcecode.c.objc; path = NEAboutViewController.m; sourceTree = "<group>"; };
		C75E3E632563CD1E001A4296 /* NEBaseWebViewController.h */ = {isa = PBXFileReference; lastKnownFileType = sourcecode.c.h; path = NEBaseWebViewController.h; sourceTree = "<group>"; };
		C75E3E642563CD1E001A4296 /* NEBaseWebViewController.m */ = {isa = PBXFileReference; lastKnownFileType = sourcecode.c.objc; path = NEBaseWebViewController.m; sourceTree = "<group>"; };
		C75E3E662563D1C5001A4296 /* NEJoinRoomTask.h */ = {isa = PBXFileReference; lastKnownFileType = sourcecode.c.h; path = NEJoinRoomTask.h; sourceTree = "<group>"; };
		C75E3E672563D1C5001A4296 /* NEJoinRoomTask.m */ = {isa = PBXFileReference; lastKnownFileType = sourcecode.c.objc; path = NEJoinRoomTask.m; sourceTree = "<group>"; };
		C7664E882511AE1D005E26A2 /* NEAccountTask.h */ = {isa = PBXFileReference; fileEncoding = 4; lastKnownFileType = sourcecode.c.h; path = NEAccountTask.h; sourceTree = "<group>"; };
		C7664E892511AE1D005E26A2 /* NESendSmsCodeTask.h */ = {isa = PBXFileReference; fileEncoding = 4; lastKnownFileType = sourcecode.c.h; path = NESendSmsCodeTask.h; sourceTree = "<group>"; };
		C7664E8A2511AE1D005E26A2 /* NESendSmsCodeTask.m */ = {isa = PBXFileReference; fileEncoding = 4; lastKnownFileType = sourcecode.c.objc; path = NESendSmsCodeTask.m; sourceTree = "<group>"; };
		C7664E8B2511AE1D005E26A2 /* NEAccountTask.m */ = {isa = PBXFileReference; fileEncoding = 4; lastKnownFileType = sourcecode.c.objc; path = NEAccountTask.m; sourceTree = "<group>"; };
		C7664E8D2511AE1D005E26A2 /* NEAccountTask.h */ = {isa = PBXFileReference; fileEncoding = 4; lastKnownFileType = sourcecode.c.h; path = NEAccountTask.h; sourceTree = "<group>"; };
		C7664E8E2511AE1D005E26A2 /* NEAccountTask.m */ = {isa = PBXFileReference; fileEncoding = 4; lastKnownFileType = sourcecode.c.objc; path = NEAccountTask.m; sourceTree = "<group>"; };
		C7664E902511AE1D005E26A2 /* NTELoginVC.h */ = {isa = PBXFileReference; fileEncoding = 4; lastKnownFileType = sourcecode.c.h; path = NTELoginVC.h; sourceTree = "<group>"; };
		C7664E912511AE1D005E26A2 /* NTFInputSmsVC.m */ = {isa = PBXFileReference; fileEncoding = 4; lastKnownFileType = sourcecode.c.objc; path = NTFInputSmsVC.m; sourceTree = "<group>"; };
		C7664E922511AE1D005E26A2 /* NELoginOptions.m */ = {isa = PBXFileReference; fileEncoding = 4; lastKnownFileType = sourcecode.c.objc; path = NELoginOptions.m; sourceTree = "<group>"; };
		C7664E932511AE1D005E26A2 /* NECountDownButton.h */ = {isa = PBXFileReference; fileEncoding = 4; lastKnownFileType = sourcecode.c.h; path = NECountDownButton.h; sourceTree = "<group>"; };
		C7664E942511AE1D005E26A2 /* NTFSmsInputView.h */ = {isa = PBXFileReference; fileEncoding = 4; lastKnownFileType = sourcecode.c.h; path = NTFSmsInputView.h; sourceTree = "<group>"; };
		C7664E952511AE1D005E26A2 /* NTELoginVC.m */ = {isa = PBXFileReference; fileEncoding = 4; lastKnownFileType = sourcecode.c.objc; path = NTELoginVC.m; sourceTree = "<group>"; };
		C7664E962511AE1D005E26A2 /* NECountDownButton.m */ = {isa = PBXFileReference; fileEncoding = 4; lastKnownFileType = sourcecode.c.objc; path = NECountDownButton.m; sourceTree = "<group>"; };
		C7664E972511AE1D005E26A2 /* NELoginOptions.h */ = {isa = PBXFileReference; fileEncoding = 4; lastKnownFileType = sourcecode.c.h; path = NELoginOptions.h; sourceTree = "<group>"; };
		C7664E982511AE1D005E26A2 /* NTFInputSmsVC.h */ = {isa = PBXFileReference; fileEncoding = 4; lastKnownFileType = sourcecode.c.h; path = NTFInputSmsVC.h; sourceTree = "<group>"; };
		C7664E992511AE1D005E26A2 /* NTFSmsInputView.m */ = {isa = PBXFileReference; fileEncoding = 4; lastKnownFileType = sourcecode.c.objc; path = NTFSmsInputView.m; sourceTree = "<group>"; };
		C7664E9C2511AE1D005E26A2 /* NEMenuCell.m */ = {isa = PBXFileReference; fileEncoding = 4; lastKnownFileType = sourcecode.c.objc; path = NEMenuCell.m; sourceTree = "<group>"; };
		C7664E9D2511AE1D005E26A2 /* NEMenuViewController.m */ = {isa = PBXFileReference; fileEncoding = 4; lastKnownFileType = sourcecode.c.objc; path = NEMenuViewController.m; sourceTree = "<group>"; };
		C7664E9E2511AE1D005E26A2 /* NENavCustomView.m */ = {isa = PBXFileReference; fileEncoding = 4; lastKnownFileType = sourcecode.c.objc; path = NENavCustomView.m; sourceTree = "<group>"; };
		C7664E9F2511AE1D005E26A2 /* NEMenuCell.h */ = {isa = PBXFileReference; fileEncoding = 4; lastKnownFileType = sourcecode.c.h; path = NEMenuCell.h; sourceTree = "<group>"; };
		C7664EA02511AE1D005E26A2 /* NENavCustomView.h */ = {isa = PBXFileReference; fileEncoding = 4; lastKnownFileType = sourcecode.c.h; path = NENavCustomView.h; sourceTree = "<group>"; };
		C7664EA12511AE1D005E26A2 /* NEMenuViewController.h */ = {isa = PBXFileReference; fileEncoding = 4; lastKnownFileType = sourcecode.c.h; path = NEMenuViewController.h; sourceTree = "<group>"; };
		C7664EA32511AE1D005E26A2 /* NEService.h */ = {isa = PBXFileReference; fileEncoding = 4; lastKnownFileType = sourcecode.c.h; path = NEService.h; sourceTree = "<group>"; };
		C7664EA42511AE1D005E26A2 /* NETask.m */ = {isa = PBXFileReference; fileEncoding = 4; lastKnownFileType = sourcecode.c.objc; path = NETask.m; sourceTree = "<group>"; };
		C7664EA52511AE1D005E26A2 /* NEServiceTask.h */ = {isa = PBXFileReference; fileEncoding = 4; lastKnownFileType = sourcecode.c.h; path = NEServiceTask.h; sourceTree = "<group>"; };
		C7664EA62511AE1D005E26A2 /* NEService.m */ = {isa = PBXFileReference; fileEncoding = 4; lastKnownFileType = sourcecode.c.objc; path = NEService.m; sourceTree = "<group>"; };
		C7664EA72511AE1D005E26A2 /* NETask.h */ = {isa = PBXFileReference; fileEncoding = 4; lastKnownFileType = sourcecode.c.h; path = NETask.h; sourceTree = "<group>"; };
		C7664EAA2511AE1D005E26A2 /* UIColor+NTES.h */ = {isa = PBXFileReference; fileEncoding = 4; lastKnownFileType = sourcecode.c.h; path = "UIColor+NTES.h"; sourceTree = "<group>"; };
		C7664EAB2511AE1D005E26A2 /* UIView+NTES.m */ = {isa = PBXFileReference; fileEncoding = 4; lastKnownFileType = sourcecode.c.objc; path = "UIView+NTES.m"; sourceTree = "<group>"; };
		C7664EAC2511AE1D005E26A2 /* UIImage+NTES.h */ = {isa = PBXFileReference; fileEncoding = 4; lastKnownFileType = sourcecode.c.h; path = "UIImage+NTES.h"; sourceTree = "<group>"; };
		C7664EAD2511AE1D005E26A2 /* NSDictionary+NTESJson.h */ = {isa = PBXFileReference; fileEncoding = 4; lastKnownFileType = sourcecode.c.h; path = "NSDictionary+NTESJson.h"; sourceTree = "<group>"; };
		C7664EAE2511AE1D005E26A2 /* UIImage+NTES.m */ = {isa = PBXFileReference; fileEncoding = 4; lastKnownFileType = sourcecode.c.objc; path = "UIImage+NTES.m"; sourceTree = "<group>"; };
		C7664EAF2511AE1D005E26A2 /* UIView+NTES.h */ = {isa = PBXFileReference; fileEncoding = 4; lastKnownFileType = sourcecode.c.h; path = "UIView+NTES.h"; sourceTree = "<group>"; };
		C7664EB02511AE1D005E26A2 /* UIColor+NTES.m */ = {isa = PBXFileReference; fileEncoding = 4; lastKnownFileType = sourcecode.c.objc; path = "UIColor+NTES.m"; sourceTree = "<group>"; };
		C7664EB12511AE1D005E26A2 /* NSDictionary+NTESJson.m */ = {isa = PBXFileReference; fileEncoding = 4; lastKnownFileType = sourcecode.c.objc; path = "NSDictionary+NTESJson.m"; sourceTree = "<group>"; };
		C7664EB32511AE1D005E26A2 /* NEBaseViewController.h */ = {isa = PBXFileReference; fileEncoding = 4; lastKnownFileType = sourcecode.c.h; path = NEBaseViewController.h; sourceTree = "<group>"; };
		C7664EB42511AE1D005E26A2 /* NEBaseViewController.m */ = {isa = PBXFileReference; fileEncoding = 4; lastKnownFileType = sourcecode.c.objc; path = NEBaseViewController.m; sourceTree = "<group>"; };
		C7664EB62511AE1D005E26A2 /* NSMacro.m */ = {isa = PBXFileReference; fileEncoding = 4; lastKnownFileType = sourcecode.c.objc; path = NSMacro.m; sourceTree = "<group>"; };
		C7664EB72511AE1D005E26A2 /* NSMacro.h */ = {isa = PBXFileReference; fileEncoding = 4; lastKnownFileType = sourcecode.c.h; path = NSMacro.h; sourceTree = "<group>"; };
		C7664EB92511AE1D005E26A2 /* NENavigator.h */ = {isa = PBXFileReference; fileEncoding = 4; lastKnownFileType = sourcecode.c.h; path = NENavigator.h; sourceTree = "<group>"; };
		C7664EBA2511AE1D005E26A2 /* NENavigator.m */ = {isa = PBXFileReference; fileEncoding = 4; lastKnownFileType = sourcecode.c.objc; path = NENavigator.m; sourceTree = "<group>"; };
		C7664EBC2511AE1D005E26A2 /* NEAccount.h */ = {isa = PBXFileReference; fileEncoding = 4; lastKnownFileType = sourcecode.c.h; path = NEAccount.h; sourceTree = "<group>"; };
		C7664EBD2511AE1D005E26A2 /* NEAccount.m */ = {isa = PBXFileReference; fileEncoding = 4; lastKnownFileType = sourcecode.c.objc; path = NEAccount.m; sourceTree = "<group>"; };
		C76ED4962567E12400BD959F /* NEUserInfoTask.h */ = {isa = PBXFileReference; lastKnownFileType = sourcecode.c.h; path = NEUserInfoTask.h; sourceTree = "<group>"; };
		C76ED4972567E12400BD959F /* NEUserInfoTask.m */ = {isa = PBXFileReference; lastKnownFileType = sourcecode.c.objc; path = NEUserInfoTask.m; sourceTree = "<group>"; };
		C780049B25622831002F07C9 /* NEOperationView.h */ = {isa = PBXFileReference; lastKnownFileType = sourcecode.c.h; path = NEOperationView.h; sourceTree = "<group>"; };
		C780049C25622831002F07C9 /* NEOperationView.m */ = {isa = PBXFileReference; lastKnownFileType = sourcecode.c.objc; path = NEOperationView.m; sourceTree = "<group>"; };
		C780049E25622BFD002F07C9 /* NEGroupVideoVC.h */ = {isa = PBXFileReference; lastKnownFileType = sourcecode.c.h; path = NEGroupVideoVC.h; sourceTree = "<group>"; };
		C780049F25622BFD002F07C9 /* NEGroupVideoVC.m */ = {isa = PBXFileReference; lastKnownFileType = sourcecode.c.objc; path = NEGroupVideoVC.m; sourceTree = "<group>"; };
		C78004A125624C5D002F07C9 /* NEGroupVideoView.h */ = {isa = PBXFileReference; lastKnownFileType = sourcecode.c.h; path = NEGroupVideoView.h; sourceTree = "<group>"; };
		C78004A225624C5D002F07C9 /* NEGroupVideoView.m */ = {isa = PBXFileReference; lastKnownFileType = sourcecode.c.objc; path = NEGroupVideoView.m; sourceTree = "<group>"; };
		C78004A7256265A0002F07C9 /* NEEvaluateThankView.h */ = {isa = PBXFileReference; lastKnownFileType = sourcecode.c.h; path = NEEvaluateThankView.h; sourceTree = "<group>"; };
		C78004A8256265A0002F07C9 /* NEEvaluateThankView.m */ = {isa = PBXFileReference; lastKnownFileType = sourcecode.c.objc; path = NEEvaluateThankView.m; sourceTree = "<group>"; };
		C78004AA2562A447002F07C9 /* NEEvaluateVC.h */ = {isa = PBXFileReference; lastKnownFileType = sourcecode.c.h; path = NEEvaluateVC.h; sourceTree = "<group>"; };
		C78004AB2562A447002F07C9 /* NEEvaluateVC.m */ = {isa = PBXFileReference; lastKnownFileType = sourcecode.c.objc; path = NEEvaluateVC.m; sourceTree = "<group>"; };
		C79CC988255E5C70003B9886 /* NEGroupVideoJoinVC.h */ = {isa = PBXFileReference; lastKnownFileType = sourcecode.c.h; path = NEGroupVideoJoinVC.h; sourceTree = "<group>"; };
		C79CC989255E5C70003B9886 /* NEGroupVideoJoinVC.m */ = {isa = PBXFileReference; lastKnownFileType = sourcecode.c.objc; path = NEGroupVideoJoinVC.m; sourceTree = "<group>"; };
		C7B5068624F6439E00C4D992 /* NLiteAVDemo.entitlements */ = {isa = PBXFileReference; lastKnownFileType = text.plist.entitlements; path = NLiteAVDemo.entitlements; sourceTree = "<group>"; };
		C7B8020E256B680400446AF7 /* NSString+NE.h */ = {isa = PBXFileReference; lastKnownFileType = sourcecode.c.h; path = "NSString+NE.h"; sourceTree = "<group>"; };
		C7B8020F256B680400446AF7 /* NSString+NE.m */ = {isa = PBXFileReference; lastKnownFileType = sourcecode.c.objc; path = "NSString+NE.m"; sourceTree = "<group>"; };
		C7B80211256B9B5700446AF7 /* NEStatementVC.h */ = {isa = PBXFileReference; lastKnownFileType = sourcecode.c.h; path = NEStatementVC.h; sourceTree = "<group>"; };
		C7B80212256B9B5700446AF7 /* NEStatementVC.m */ = {isa = PBXFileReference; lastKnownFileType = sourcecode.c.objc; path = NEStatementVC.m; sourceTree = "<group>"; };
		C7B80213256B9B5700446AF7 /* NEStatementVC.xib */ = {isa = PBXFileReference; lastKnownFileType = file.xib; path = NEStatementVC.xib; sourceTree = "<group>"; };
		C7B80216256BB74800446AF7 /* NEFeedbackDemoVC.h */ = {isa = PBXFileReference; lastKnownFileType = sourcecode.c.h; path = NEFeedbackDemoVC.h; sourceTree = "<group>"; };
		C7B80217256BB74800446AF7 /* NEFeedbackDemoVC.m */ = {isa = PBXFileReference; lastKnownFileType = sourcecode.c.objc; path = NEFeedbackDemoVC.m; sourceTree = "<group>"; };
		C7C099C0256A5E0100086B1F /* NEFeedbackVC.h */ = {isa = PBXFileReference; lastKnownFileType = sourcecode.c.h; path = NEFeedbackVC.h; sourceTree = "<group>"; };
		C7C099C1256A5E0100086B1F /* NEFeedbackVC.m */ = {isa = PBXFileReference; lastKnownFileType = sourcecode.c.objc; path = NEFeedbackVC.m; sourceTree = "<group>"; };
		C7C099C3256A60B700086B1F /* NEFeedbackInputCell.h */ = {isa = PBXFileReference; lastKnownFileType = sourcecode.c.h; path = NEFeedbackInputCell.h; sourceTree = "<group>"; };
		C7C099C4256A60B700086B1F /* NEFeedbackInputCell.m */ = {isa = PBXFileReference; lastKnownFileType = sourcecode.c.objc; path = NEFeedbackInputCell.m; sourceTree = "<group>"; };
		C7C099C5256A60B700086B1F /* NEFeedbackInputCell.xib */ = {isa = PBXFileReference; lastKnownFileType = file.xib; path = NEFeedbackInputCell.xib; sourceTree = "<group>"; };
		C7C099C8256AA0DC00086B1F /* NEFeedbackListVC.h */ = {isa = PBXFileReference; lastKnownFileType = sourcecode.c.h; path = NEFeedbackListVC.h; sourceTree = "<group>"; };
		C7C099C9256AA0DC00086B1F /* NEFeedbackListVC.m */ = {isa = PBXFileReference; lastKnownFileType = sourcecode.c.objc; path = NEFeedbackListVC.m; sourceTree = "<group>"; };
		C7C099CB256AA22400086B1F /* NEFeedbackListSectionView.h */ = {isa = PBXFileReference; lastKnownFileType = sourcecode.c.h; path = NEFeedbackListSectionView.h; sourceTree = "<group>"; };
		C7C099CC256AA22400086B1F /* NEFeedbackListSectionView.m */ = {isa = PBXFileReference; lastKnownFileType = sourcecode.c.objc; path = NEFeedbackListSectionView.m; sourceTree = "<group>"; };
		C7C099CE256AAAC400086B1F /* NEFeedbackListCell.h */ = {isa = PBXFileReference; lastKnownFileType = sourcecode.c.h; path = NEFeedbackListCell.h; sourceTree = "<group>"; };
		C7C099CF256AAAC400086B1F /* NEFeedbackListCell.m */ = {isa = PBXFileReference; lastKnownFileType = sourcecode.c.objc; path = NEFeedbackListCell.m; sourceTree = "<group>"; };
		C7C099D3256AABC100086B1F /* NEFeedbackInfo.h */ = {isa = PBXFileReference; lastKnownFileType = sourcecode.c.h; path = NEFeedbackInfo.h; sourceTree = "<group>"; };
		C7C099D4256AABC100086B1F /* NEFeedbackInfo.m */ = {isa = PBXFileReference; lastKnownFileType = sourcecode.c.objc; path = NEFeedbackInfo.m; sourceTree = "<group>"; };
		C7D05B1E24EE2E3E00079BF5 /* PrefixHeader.pch */ = {isa = PBXFileReference; lastKnownFileType = sourcecode.c.h; path = PrefixHeader.pch; sourceTree = "<group>"; };
		F529C3FC806BA1848C19DF0C /* Pods-NLiteAVDemo.release.xcconfig */ = {isa = PBXFileReference; includeInIndex = 1; lastKnownFileType = text.xcconfig; name = "Pods-NLiteAVDemo.release.xcconfig"; path = "Target Support Files/Pods-NLiteAVDemo/Pods-NLiteAVDemo.release.xcconfig"; sourceTree = "<group>"; };
/* End PBXFileReference section */

/* Begin PBXFrameworksBuildPhase section */
		C758CCD224EB7F5A003C406A /* Frameworks */ = {
			isa = PBXFrameworksBuildPhase;
			buildActionMask = 2147483647;
			files = (
				4B1CE8D87B045036DB9DCCAE /* Pods_NLiteAVDemo.framework in Frameworks */,
			);
			runOnlyForDeploymentPostprocessing = 0;
		};
/* End PBXFrameworksBuildPhase section */

/* Begin PBXGroup section */
		39278A13850E2BDF727DCC9E /* Frameworks */ = {
			isa = PBXGroup;
			children = (
				351BD670226DDD5B57B8EBF7 /* Pods_NLiteAVDemo.framework */,
			);
			name = Frameworks;
			sourceTree = "<group>";
		};
		C758CCCC24EB7F5A003C406A = {
			isa = PBXGroup;
			children = (
				C758CCD724EB7F5A003C406A /* NLiteAVDemo */,
				C758CCD624EB7F5A003C406A /* Products */,
				ED60ED5323840FB0919BFBAC /* Pods */,
				39278A13850E2BDF727DCC9E /* Frameworks */,
			);
			sourceTree = "<group>";
		};
		C758CCD624EB7F5A003C406A /* Products */ = {
			isa = PBXGroup;
			children = (
				C758CCD524EB7F5A003C406A /* 云信视频通话.app */,
			);
			name = Products;
			sourceTree = "<group>";
		};
		C758CCD724EB7F5A003C406A /* NLiteAVDemo */ = {
			isa = PBXGroup;
			children = (
				C75A1E642590D8860059B715 /* beauty */,
				C75E3E3D256379C1001A4296 /* Person */,
				C79CC982255E5ADD003B9886 /* GroupCall */,
				C7664E862511AE1D005E26A2 /* Login */,
				C7664E9A2511AE1D005E26A2 /* Menu */,
				C7664EA22511AE1D005E26A2 /* Service */,
				C7664EA82511AE1D005E26A2 /* Utils */,
				C7B5068624F6439E00C4D992 /* NLiteAVDemo.entitlements */,
				C758CCD824EB7F5A003C406A /* AppDelegate.h */,
				C758CCD924EB7F5A003C406A /* AppDelegate.m */,
				C728EEE32500D77D00D27176 /* AppKey.h */,
				C758CCE124EB7F5A003C406A /* Main.storyboard */,
				C758CCE424EB7F5F003C406A /* Assets.xcassets */,
				C758CCE624EB7F5F003C406A /* LaunchScreen.storyboard */,
				C758CCE924EB7F5F003C406A /* Info.plist */,
				C758CCEA24EB7F5F003C406A /* main.m */,
				C7D05B1E24EE2E3E00079BF5 /* PrefixHeader.pch */,
			);
			path = NLiteAVDemo;
			sourceTree = "<group>";
		};
		C75A1E642590D8860059B715 /* beauty */ = {
			isa = PBXGroup;
			children = (
				C75A1E602590C7250059B715 /* authpack.h */,
				C75A1E5E2590C7050059B715 /* NETSBeautyParam.h */,
				C75A1E5D2590C7050059B715 /* NETSBeautyParam.m */,
				C75A1E5B2590C6D70059B715 /* NETSFUManger.h */,
				C75A1E5A2590C6D70059B715 /* NETSFUManger.m */,
			);
			path = beauty;
			sourceTree = "<group>";
		};
		C75E3E3D256379C1001A4296 /* Person */ = {
			isa = PBXGroup;
			children = (
				C75E3E40256379FC001A4296 /* Task */,
				C75E3E3F256379CF001A4296 /* Model */,
				C75E3E3E256379C8001A4296 /* UI */,
			);
			path = Person;
			sourceTree = "<group>";
		};
		C75E3E3E256379C8001A4296 /* UI */ = {
			isa = PBXGroup;
			children = (
				C75E3E4525637ADF001A4296 /* View */,
				C75E3E4425637AD7001A4296 /* ViewController */,
			);
			path = UI;
			sourceTree = "<group>";
		};
		C75E3E3F256379CF001A4296 /* Model */ = {
			isa = PBXGroup;
			children = (
				C75A1E612590C9070059B715 /* NEUser.h */,
				C75A1E622590C9070059B715 /* NEUser.m */,
				C7C099D3256AABC100086B1F /* NEFeedbackInfo.h */,
				C7C099D4256AABC100086B1F /* NEFeedbackInfo.m */,
			);
			path = Model;
			sourceTree = "<group>";
		};
		C75E3E40256379FC001A4296 /* Task */ = {
			isa = PBXGroup;
			children = (
				C71DDB0E2566449700E28A27 /* NEModifyNicknameTask.h */,
				C71DDB0F2566449700E28A27 /* NEModifyNicknameTask.m */,
			);
			path = Task;
			sourceTree = "<group>";
		};
		C75E3E4425637AD7001A4296 /* ViewController */ = {
			isa = PBXGroup;
			children = (
				C75E3E4C25637D5F001A4296 /* NEPersonVC.h */,
				C75E3E4D25637D5F001A4296 /* NEPersonVC.m */,
				C75E3E522563ABE8001A4296 /* NEPersonInfoVC.h */,
				C75E3E532563ABE8001A4296 /* NEPersonInfoVC.m */,
				C75E3E5D2563B9AF001A4296 /* NENicknameVC.h */,
				C75E3E5E2563B9AF001A4296 /* NENicknameVC.m */,
				C75E3E602563C4EE001A4296 /* NEAboutViewController.h */,
				C75E3E612563C4EE001A4296 /* NEAboutViewController.m */,
				C7C099C0256A5E0100086B1F /* NEFeedbackVC.h */,
				C7C099C1256A5E0100086B1F /* NEFeedbackVC.m */,
				C7C099C8256AA0DC00086B1F /* NEFeedbackListVC.h */,
				C7C099C9256AA0DC00086B1F /* NEFeedbackListVC.m */,
				C7B80216256BB74800446AF7 /* NEFeedbackDemoVC.h */,
				C7B80217256BB74800446AF7 /* NEFeedbackDemoVC.m */,
				C7B80211256B9B5700446AF7 /* NEStatementVC.h */,
				C7B80212256B9B5700446AF7 /* NEStatementVC.m */,
				C7B80213256B9B5700446AF7 /* NEStatementVC.xib */,
			);
			path = ViewController;
			sourceTree = "<group>";
		};
		C75E3E4525637ADF001A4296 /* View */ = {
			isa = PBXGroup;
			children = (
				C75E3E4625637B0F001A4296 /* NEPersonView.h */,
				C75E3E4725637B0F001A4296 /* NEPersonView.m */,
				C75E3E4F2563A0A3001A4296 /* NEPersonTableViewCell.h */,
				C75E3E502563A0A3001A4296 /* NEPersonTableViewCell.m */,
				C75E3E552563ADF8001A4296 /* NEPersonTextCell.h */,
				C75E3E562563ADF8001A4296 /* NEPersonTextCell.m */,
				C7C099C3256A60B700086B1F /* NEFeedbackInputCell.h */,
				C7C099C4256A60B700086B1F /* NEFeedbackInputCell.m */,
				C7C099C5256A60B700086B1F /* NEFeedbackInputCell.xib */,
				C7C099CB256AA22400086B1F /* NEFeedbackListSectionView.h */,
				C7C099CC256AA22400086B1F /* NEFeedbackListSectionView.m */,
				C7C099CE256AAAC400086B1F /* NEFeedbackListCell.h */,
				C7C099CF256AAAC400086B1F /* NEFeedbackListCell.m */,
			);
			path = View;
			sourceTree = "<group>";
		};
		C7664E862511AE1D005E26A2 /* Login */ = {
			isa = PBXGroup;
			children = (
				C7664E872511AE1D005E26A2 /* Task */,
				C7664E8C2511AE1D005E26A2 /* Model */,
				C7664E8F2511AE1D005E26A2 /* View */,
			);
			path = Login;
			sourceTree = "<group>";
		};
		C7664E872511AE1D005E26A2 /* Task */ = {
			isa = PBXGroup;
			children = (
				C7664E882511AE1D005E26A2 /* NEAccountTask.h */,
				C7664E892511AE1D005E26A2 /* NESendSmsCodeTask.h */,
				C7664E8A2511AE1D005E26A2 /* NESendSmsCodeTask.m */,
				C7664E8B2511AE1D005E26A2 /* NEAccountTask.m */,
			);
			path = Task;
			sourceTree = "<group>";
		};
		C7664E8C2511AE1D005E26A2 /* Model */ = {
			isa = PBXGroup;
			children = (
				C7664E8D2511AE1D005E26A2 /* NEAccountTask.h */,
				C7664E8E2511AE1D005E26A2 /* NEAccountTask.m */,
			);
			path = Model;
			sourceTree = "<group>";
		};
		C7664E8F2511AE1D005E26A2 /* View */ = {
			isa = PBXGroup;
			children = (
				C7664E932511AE1D005E26A2 /* NECountDownButton.h */,
				C7664E962511AE1D005E26A2 /* NECountDownButton.m */,
				C7664E972511AE1D005E26A2 /* NELoginOptions.h */,
				C7664E922511AE1D005E26A2 /* NELoginOptions.m */,
				C7664E902511AE1D005E26A2 /* NTELoginVC.h */,
				C7664E952511AE1D005E26A2 /* NTELoginVC.m */,
				C7664E982511AE1D005E26A2 /* NTFInputSmsVC.h */,
				C7664E912511AE1D005E26A2 /* NTFInputSmsVC.m */,
				C7664E942511AE1D005E26A2 /* NTFSmsInputView.h */,
				C7664E992511AE1D005E26A2 /* NTFSmsInputView.m */,
			);
			path = View;
			sourceTree = "<group>";
		};
		C7664E9A2511AE1D005E26A2 /* Menu */ = {
			isa = PBXGroup;
			children = (
				C7664E9B2511AE1D005E26A2 /* View */,
			);
			path = Menu;
			sourceTree = "<group>";
		};
		C7664E9B2511AE1D005E26A2 /* View */ = {
			isa = PBXGroup;
			children = (
				C7664E9F2511AE1D005E26A2 /* NEMenuCell.h */,
				C7664E9C2511AE1D005E26A2 /* NEMenuCell.m */,
				C7664EA12511AE1D005E26A2 /* NEMenuViewController.h */,
				C7664E9D2511AE1D005E26A2 /* NEMenuViewController.m */,
				C7664EA02511AE1D005E26A2 /* NENavCustomView.h */,
				C7664E9E2511AE1D005E26A2 /* NENavCustomView.m */,
			);
			path = View;
			sourceTree = "<group>";
		};
		C7664EA22511AE1D005E26A2 /* Service */ = {
			isa = PBXGroup;
			children = (
				C7664EA32511AE1D005E26A2 /* NEService.h */,
				C7664EA62511AE1D005E26A2 /* NEService.m */,
				C7664EA52511AE1D005E26A2 /* NEServiceTask.h */,
				C7664EA72511AE1D005E26A2 /* NETask.h */,
				C7664EA42511AE1D005E26A2 /* NETask.m */,
			);
			path = Service;
			sourceTree = "<group>";
		};
		C7664EA82511AE1D005E26A2 /* Utils */ = {
			isa = PBXGroup;
			children = (
				C7664EA92511AE1D005E26A2 /* Category */,
				C7664EB22511AE1D005E26A2 /* BaseVC */,
				C7664EB52511AE1D005E26A2 /* Macro */,
				C7664EB82511AE1D005E26A2 /* Navigator */,
				C7664EBB2511AE1D005E26A2 /* Account */,
			);
			path = Utils;
			sourceTree = "<group>";
		};
		C7664EA92511AE1D005E26A2 /* Category */ = {
			isa = PBXGroup;
			children = (
				C7664EAD2511AE1D005E26A2 /* NSDictionary+NTESJson.h */,
				C7664EB12511AE1D005E26A2 /* NSDictionary+NTESJson.m */,
				C7664EAA2511AE1D005E26A2 /* UIColor+NTES.h */,
				C7664EB02511AE1D005E26A2 /* UIColor+NTES.m */,
				C7664EAC2511AE1D005E26A2 /* UIImage+NTES.h */,
				C7664EAE2511AE1D005E26A2 /* UIImage+NTES.m */,
				C7664EAF2511AE1D005E26A2 /* UIView+NTES.h */,
				C7664EAB2511AE1D005E26A2 /* UIView+NTES.m */,
				C7B8020E256B680400446AF7 /* NSString+NE.h */,
				C7B8020F256B680400446AF7 /* NSString+NE.m */,
			);
			path = Category;
			sourceTree = "<group>";
		};
		C7664EB22511AE1D005E26A2 /* BaseVC */ = {
			isa = PBXGroup;
			children = (
				C7664EB32511AE1D005E26A2 /* NEBaseViewController.h */,
				C7664EB42511AE1D005E26A2 /* NEBaseViewController.m */,
				C75E3E4925637C00001A4296 /* NEBaseTableViewController.h */,
				C75E3E4A25637C00001A4296 /* NEBaseTableViewController.m */,
				C75E3E632563CD1E001A4296 /* NEBaseWebViewController.h */,
				C75E3E642563CD1E001A4296 /* NEBaseWebViewController.m */,
			);
			path = BaseVC;
			sourceTree = "<group>";
		};
		C7664EB52511AE1D005E26A2 /* Macro */ = {
			isa = PBXGroup;
			children = (
				C7664EB72511AE1D005E26A2 /* NSMacro.h */,
				C7664EB62511AE1D005E26A2 /* NSMacro.m */,
			);
			path = Macro;
			sourceTree = "<group>";
		};
		C7664EB82511AE1D005E26A2 /* Navigator */ = {
			isa = PBXGroup;
			children = (
				C7664EB92511AE1D005E26A2 /* NENavigator.h */,
				C7664EBA2511AE1D005E26A2 /* NENavigator.m */,
			);
			path = Navigator;
			sourceTree = "<group>";
		};
		C7664EBB2511AE1D005E26A2 /* Account */ = {
			isa = PBXGroup;
			children = (
				C7664EBC2511AE1D005E26A2 /* NEAccount.h */,
				C7664EBD2511AE1D005E26A2 /* NEAccount.m */,
			);
			path = Account;
			sourceTree = "<group>";
		};
		C79CC982255E5ADD003B9886 /* GroupCall */ = {
			isa = PBXGroup;
			children = (
				C79CC985255E5B86003B9886 /* Model */,
				C79CC984255E5B7E003B9886 /* Task */,
				C79CC983255E5B08003B9886 /* UI */,
			);
			path = GroupCall;
			sourceTree = "<group>";
		};
		C79CC983255E5B08003B9886 /* UI */ = {
			isa = PBXGroup;
			children = (
				C79CC987255E5BB7003B9886 /* View */,
				C79CC986255E5BA8003B9886 /* ViewController */,
			);
			path = UI;
			sourceTree = "<group>";
		};
		C79CC984255E5B7E003B9886 /* Task */ = {
			isa = PBXGroup;
			children = (
				C75E3E662563D1C5001A4296 /* NEJoinRoomTask.h */,
				C75E3E672563D1C5001A4296 /* NEJoinRoomTask.m */,
				C71DDB11256670E500E28A27 /* NEEvaluateTask.h */,
				C71DDB12256670E500E28A27 /* NEEvaluateTask.m */,
				C76ED4962567E12400BD959F /* NEUserInfoTask.h */,
				C76ED4972567E12400BD959F /* NEUserInfoTask.m */,
			);
			path = Task;
			sourceTree = "<group>";
		};
		C79CC985255E5B86003B9886 /* Model */ = {
			isa = PBXGroup;
			children = (
				C733D962257E05D8000C0835 /* NEGroupUserModel.h */,
				C733D963257E05D8000C0835 /* NEGroupUserModel.m */,
			);
			path = Model;
			sourceTree = "<group>";
		};
		C79CC986255E5BA8003B9886 /* ViewController */ = {
			isa = PBXGroup;
			children = (
				C79CC988255E5C70003B9886 /* NEGroupVideoJoinVC.h */,
				C79CC989255E5C70003B9886 /* NEGroupVideoJoinVC.m */,
				C780049E25622BFD002F07C9 /* NEGroupVideoVC.h */,
				C780049F25622BFD002F07C9 /* NEGroupVideoVC.m */,
				C78004AA2562A447002F07C9 /* NEEvaluateVC.h */,
				C78004AB2562A447002F07C9 /* NEEvaluateVC.m */,
			);
			path = ViewController;
			sourceTree = "<group>";
		};
		C79CC987255E5BB7003B9886 /* View */ = {
			isa = PBXGroup;
			children = (
				C780049B25622831002F07C9 /* NEOperationView.h */,
				C780049C25622831002F07C9 /* NEOperationView.m */,
				C78004A125624C5D002F07C9 /* NEGroupVideoView.h */,
				C78004A225624C5D002F07C9 /* NEGroupVideoView.m */,
				C78004A7256265A0002F07C9 /* NEEvaluateThankView.h */,
				C78004A8256265A0002F07C9 /* NEEvaluateThankView.m */,
				C71DDB142566990F00E28A27 /* NEEvaluateListView.h */,
				C71DDB152566990F00E28A27 /* NEEvaluateListView.m */,
			);
			path = View;
			sourceTree = "<group>";
		};
		ED60ED5323840FB0919BFBAC /* Pods */ = {
			isa = PBXGroup;
			children = (
				9C3E631E57C6DCADE269362E /* Pods-NLiteAVDemo.debug.xcconfig */,
				F529C3FC806BA1848C19DF0C /* Pods-NLiteAVDemo.release.xcconfig */,
			);
			path = Pods;
			sourceTree = "<group>";
		};
/* End PBXGroup section */

/* Begin PBXNativeTarget section */
		C758CCD424EB7F5A003C406A /* NLiteAVDemo */ = {
			isa = PBXNativeTarget;
			buildConfigurationList = C758CCEE24EB7F5F003C406A /* Build configuration list for PBXNativeTarget "NLiteAVDemo" */;
			buildPhases = (
				BB55C8E33DE19AD847449B27 /* [CP] Check Pods Manifest.lock */,
				C758CCD124EB7F5A003C406A /* Sources */,
				C758CCD224EB7F5A003C406A /* Frameworks */,
				C758CCD324EB7F5A003C406A /* Resources */,
				CD7A9B1FF40F66D34F55150E /* [CP] Embed Pods Frameworks */,
				C79685B524F901890093AF5C /* Embed Frameworks */,
				542DDA60BBC68804F67D3515 /* [CP] Copy Pods Resources */,
			);
			buildRules = (
			);
			dependencies = (
			);
			name = NLiteAVDemo;
			productName = NLiteAVDemo;
			productReference = C758CCD524EB7F5A003C406A /* 云信视频通话.app */;
			productType = "com.apple.product-type.application";
		};
/* End PBXNativeTarget section */

/* Begin PBXProject section */
		C758CCCD24EB7F5A003C406A /* Project object */ = {
			isa = PBXProject;
			attributes = {
				LastUpgradeCheck = 1150;
				ORGANIZATIONNAME = Netease;
				TargetAttributes = {
					C758CCD424EB7F5A003C406A = {
						CreatedOnToolsVersion = 11.5;
					};
				};
			};
			buildConfigurationList = C758CCD024EB7F5A003C406A /* Build configuration list for PBXProject "NLiteAVDemo" */;
			compatibilityVersion = "Xcode 9.3";
			developmentRegion = en;
			hasScannedForEncodings = 0;
			knownRegions = (
				en,
				Base,
			);
			mainGroup = C758CCCC24EB7F5A003C406A;
			productRefGroup = C758CCD624EB7F5A003C406A /* Products */;
			projectDirPath = "";
			projectRoot = "";
			targets = (
				C758CCD424EB7F5A003C406A /* NLiteAVDemo */,
			);
		};
/* End PBXProject section */

/* Begin PBXResourcesBuildPhase section */
		C758CCD324EB7F5A003C406A /* Resources */ = {
			isa = PBXResourcesBuildPhase;
			buildActionMask = 2147483647;
			files = (
				C7C099C7256A60B700086B1F /* NEFeedbackInputCell.xib in Resources */,
				C758CCE824EB7F5F003C406A /* LaunchScreen.storyboard in Resources */,
				C758CCE524EB7F5F003C406A /* Assets.xcassets in Resources */,
				C7B80215256B9B5700446AF7 /* NEStatementVC.xib in Resources */,
				C758CCE324EB7F5A003C406A /* Main.storyboard in Resources */,
			);
			runOnlyForDeploymentPostprocessing = 0;
		};
/* End PBXResourcesBuildPhase section */

/* Begin PBXShellScriptBuildPhase section */
		542DDA60BBC68804F67D3515 /* [CP] Copy Pods Resources */ = {
			isa = PBXShellScriptBuildPhase;
			buildActionMask = 2147483647;
			files = (
			);
			inputFileListPaths = (
				"${PODS_ROOT}/Target Support Files/Pods-NLiteAVDemo/Pods-NLiteAVDemo-resources-${CONFIGURATION}-input-files.xcfilelist",
			);
			name = "[CP] Copy Pods Resources";
			outputFileListPaths = (
				"${PODS_ROOT}/Target Support Files/Pods-NLiteAVDemo/Pods-NLiteAVDemo-resources-${CONFIGURATION}-output-files.xcfilelist",
			);
			runOnlyForDeploymentPostprocessing = 0;
			shellPath = /bin/sh;
			shellScript = "\"${PODS_ROOT}/Target Support Files/Pods-NLiteAVDemo/Pods-NLiteAVDemo-resources.sh\"\n";
			showEnvVarsInLog = 0;
		};
		BB55C8E33DE19AD847449B27 /* [CP] Check Pods Manifest.lock */ = {
			isa = PBXShellScriptBuildPhase;
			buildActionMask = 2147483647;
			files = (
			);
			inputFileListPaths = (
			);
			inputPaths = (
				"${PODS_PODFILE_DIR_PATH}/Podfile.lock",
				"${PODS_ROOT}/Manifest.lock",
			);
			name = "[CP] Check Pods Manifest.lock";
			outputFileListPaths = (
			);
			outputPaths = (
				"$(DERIVED_FILE_DIR)/Pods-NLiteAVDemo-checkManifestLockResult.txt",
			);
			runOnlyForDeploymentPostprocessing = 0;
			shellPath = /bin/sh;
			shellScript = "diff \"${PODS_PODFILE_DIR_PATH}/Podfile.lock\" \"${PODS_ROOT}/Manifest.lock\" > /dev/null\nif [ $? != 0 ] ; then\n    # print error to STDERR\n    echo \"error: The sandbox is not in sync with the Podfile.lock. Run 'pod install' or update your CocoaPods installation.\" >&2\n    exit 1\nfi\n# This output is used by Xcode 'outputs' to avoid re-running this script phase.\necho \"SUCCESS\" > \"${SCRIPT_OUTPUT_FILE_0}\"\n";
			showEnvVarsInLog = 0;
		};
		CD7A9B1FF40F66D34F55150E /* [CP] Embed Pods Frameworks */ = {
			isa = PBXShellScriptBuildPhase;
			buildActionMask = 2147483647;
			files = (
			);
			inputFileListPaths = (
				"${PODS_ROOT}/Target Support Files/Pods-NLiteAVDemo/Pods-NLiteAVDemo-frameworks-${CONFIGURATION}-input-files.xcfilelist",
			);
			name = "[CP] Embed Pods Frameworks";
			outputFileListPaths = (
				"${PODS_ROOT}/Target Support Files/Pods-NLiteAVDemo/Pods-NLiteAVDemo-frameworks-${CONFIGURATION}-output-files.xcfilelist",
			);
			runOnlyForDeploymentPostprocessing = 0;
			shellPath = /bin/sh;
			shellScript = "\"${PODS_ROOT}/Target Support Files/Pods-NLiteAVDemo/Pods-NLiteAVDemo-frameworks.sh\"\n";
			showEnvVarsInLog = 0;
		};
/* End PBXShellScriptBuildPhase section */

/* Begin PBXSourcesBuildPhase section */
		C758CCD124EB7F5A003C406A /* Sources */ = {
			isa = PBXSourcesBuildPhase;
			buildActionMask = 2147483647;
			files = (
				C7664ED92511AE1E005E26A2 /* UIView+NTES.m in Sources */,
				C78004AC2562A447002F07C9 /* NEEvaluateVC.m in Sources */,
				C75E3E622563C4EE001A4296 /* NEAboutViewController.m in Sources */,
				C7C099C2256A5E0100086B1F /* NEFeedbackVC.m in Sources */,
				C7C099C6256A60B700086B1F /* NEFeedbackInputCell.m in Sources */,
				C7664ECC2511AE1E005E26A2 /* NESendSmsCodeTask.m in Sources */,
				C758CCDA24EB7F5A003C406A /* AppDelegate.m in Sources */,
				C7C099D1256AAAC400086B1F /* NEFeedbackListCell.m in Sources */,
				C75E3E4825637B0F001A4296 /* NEPersonView.m in Sources */,
				C75E3E5F2563B9AF001A4296 /* NENicknameVC.m in Sources */,
				C71DDB102566449700E28A27 /* NEModifyNicknameTask.m in Sources */,
				C78004A025622BFD002F07C9 /* NEGroupVideoVC.m in Sources */,
				C76ED4982567E12400BD959F /* NEUserInfoTask.m in Sources */,
				C7664ED52511AE1E005E26A2 /* NEMenuViewController.m in Sources */,
				C733D964257E05D8000C0835 /* NEGroupUserModel.m in Sources */,
				C71DDB13256670E500E28A27 /* NEEvaluateTask.m in Sources */,
				C7664ED22511AE1E005E26A2 /* NECountDownButton.m in Sources */,
				C7C099D5256AABC100086B1F /* NEFeedbackInfo.m in Sources */,
				C75A1E5F2590C7050059B715 /* NETSBeautyParam.m in Sources */,
				C7664EDC2511AE1E005E26A2 /* NSDictionary+NTESJson.m in Sources */,
				C75A1E5C2590C6D70059B715 /* NETSFUManger.m in Sources */,
				C75A1E632590C9070059B715 /* NEUser.m in Sources */,
				C78004A325624C5D002F07C9 /* NEGroupVideoView.m in Sources */,
				C7664EDB2511AE1E005E26A2 /* UIColor+NTES.m in Sources */,
				C7664ED12511AE1E005E26A2 /* NTELoginVC.m in Sources */,
				C79CC98A255E5C70003B9886 /* NEGroupVideoJoinVC.m in Sources */,
				C7664ED32511AE1E005E26A2 /* NTFSmsInputView.m in Sources */,
				C7664EDA2511AE1E005E26A2 /* UIImage+NTES.m in Sources */,
				C7664EDD2511AE1E005E26A2 /* NEBaseViewController.m in Sources */,
				C780049D25622831002F07C9 /* NEOperationView.m in Sources */,
				C7664ED72511AE1E005E26A2 /* NETask.m in Sources */,
				C75E3E652563CD1E001A4296 /* NEBaseWebViewController.m in Sources */,
				C75E3E512563A0A3001A4296 /* NEPersonTableViewCell.m in Sources */,
				C7664ECE2511AE1E005E26A2 /* NEAccountTask.m in Sources */,
				C7664ED02511AE1E005E26A2 /* NELoginOptions.m in Sources */,
				C71DDB162566990F00E28A27 /* NEEvaluateListView.m in Sources */,
				C7B80210256B680400446AF7 /* NSString+NE.m in Sources */,
				C7664ED82511AE1E005E26A2 /* NEService.m in Sources */,
				C7664EDE2511AE1E005E26A2 /* NSMacro.m in Sources */,
				C7B80218256BB74800446AF7 /* NEFeedbackDemoVC.m in Sources */,
				C7664ED42511AE1E005E26A2 /* NEMenuCell.m in Sources */,
				C7664EE02511AE1E005E26A2 /* NEAccount.m in Sources */,
				C75E3E4B25637C00001A4296 /* NEBaseTableViewController.m in Sources */,
				C78004A9256265A0002F07C9 /* NEEvaluateThankView.m in Sources */,
				C7664ED62511AE1E005E26A2 /* NENavCustomView.m in Sources */,
				C75E3E4E25637D5F001A4296 /* NEPersonVC.m in Sources */,
				C7C099CD256AA22400086B1F /* NEFeedbackListSectionView.m in Sources */,
				C7664ECF2511AE1E005E26A2 /* NTFInputSmsVC.m in Sources */,
				C7664ECD2511AE1E005E26A2 /* NEAccountTask.m in Sources */,
				C75E3E542563ABE8001A4296 /* NEPersonInfoVC.m in Sources */,
				C7C099CA256AA0DC00086B1F /* NEFeedbackListVC.m in Sources */,
				C75E3E682563D1C5001A4296 /* NEJoinRoomTask.m in Sources */,
				C7664EDF2511AE1E005E26A2 /* NENavigator.m in Sources */,
				C75E3E572563ADF8001A4296 /* NEPersonTextCell.m in Sources */,
				C758CCEB24EB7F5F003C406A /* main.m in Sources */,
				C7B80214256B9B5700446AF7 /* NEStatementVC.m in Sources */,
			);
			runOnlyForDeploymentPostprocessing = 0;
		};
/* End PBXSourcesBuildPhase section */

/* Begin PBXVariantGroup section */
		C758CCE124EB7F5A003C406A /* Main.storyboard */ = {
			isa = PBXVariantGroup;
			children = (
				C758CCE224EB7F5A003C406A /* Base */,
			);
			name = Main.storyboard;
			sourceTree = "<group>";
		};
		C758CCE624EB7F5F003C406A /* LaunchScreen.storyboard */ = {
			isa = PBXVariantGroup;
			children = (
				C758CCE724EB7F5F003C406A /* Base */,
			);
			name = LaunchScreen.storyboard;
			sourceTree = "<group>";
		};
/* End PBXVariantGroup section */

/* Begin XCBuildConfiguration section */
		C758CCEC24EB7F5F003C406A /* Debug */ = {
			isa = XCBuildConfiguration;
			buildSettings = {
				ALWAYS_SEARCH_USER_PATHS = NO;
				CLANG_ANALYZER_NONNULL = YES;
				CLANG_ANALYZER_NUMBER_OBJECT_CONVERSION = YES_AGGRESSIVE;
				CLANG_CXX_LANGUAGE_STANDARD = "gnu++14";
				CLANG_CXX_LIBRARY = "libc++";
				CLANG_ENABLE_MODULES = YES;
				CLANG_ENABLE_OBJC_ARC = YES;
				CLANG_ENABLE_OBJC_WEAK = YES;
				CLANG_WARN_BLOCK_CAPTURE_AUTORELEASING = YES;
				CLANG_WARN_BOOL_CONVERSION = YES;
				CLANG_WARN_COMMA = YES;
				CLANG_WARN_CONSTANT_CONVERSION = YES;
				CLANG_WARN_DEPRECATED_OBJC_IMPLEMENTATIONS = YES;
				CLANG_WARN_DIRECT_OBJC_ISA_USAGE = YES_ERROR;
				CLANG_WARN_DOCUMENTATION_COMMENTS = YES;
				CLANG_WARN_EMPTY_BODY = YES;
				CLANG_WARN_ENUM_CONVERSION = YES;
				CLANG_WARN_INFINITE_RECURSION = YES;
				CLANG_WARN_INT_CONVERSION = YES;
				CLANG_WARN_NON_LITERAL_NULL_CONVERSION = YES;
				CLANG_WARN_OBJC_IMPLICIT_RETAIN_SELF = YES;
				CLANG_WARN_OBJC_LITERAL_CONVERSION = YES;
				CLANG_WARN_OBJC_ROOT_CLASS = YES_ERROR;
				CLANG_WARN_RANGE_LOOP_ANALYSIS = YES;
				CLANG_WARN_STRICT_PROTOTYPES = YES;
				CLANG_WARN_SUSPICIOUS_MOVE = YES;
				CLANG_WARN_UNGUARDED_AVAILABILITY = YES_AGGRESSIVE;
				CLANG_WARN_UNREACHABLE_CODE = YES;
				CLANG_WARN__DUPLICATE_METHOD_MATCH = YES;
				COPY_PHASE_STRIP = NO;
				DEBUG_INFORMATION_FORMAT = dwarf;
				ENABLE_STRICT_OBJC_MSGSEND = YES;
				ENABLE_TESTABILITY = YES;
				GCC_C_LANGUAGE_STANDARD = gnu11;
				GCC_DYNAMIC_NO_PIC = NO;
				GCC_NO_COMMON_BLOCKS = YES;
				GCC_OPTIMIZATION_LEVEL = 0;
				GCC_PREPROCESSOR_DEFINITIONS = (
					"DEBUG=1",
					"$(inherited)",
				);
				GCC_WARN_64_TO_32_BIT_CONVERSION = YES;
				GCC_WARN_ABOUT_RETURN_TYPE = YES_ERROR;
				GCC_WARN_UNDECLARED_SELECTOR = YES;
				GCC_WARN_UNINITIALIZED_AUTOS = YES_AGGRESSIVE;
				GCC_WARN_UNUSED_FUNCTION = YES;
				GCC_WARN_UNUSED_VARIABLE = YES;
				IPHONEOS_DEPLOYMENT_TARGET = 13.5;
				MTL_ENABLE_DEBUG_INFO = INCLUDE_SOURCE;
				MTL_FAST_MATH = YES;
				ONLY_ACTIVE_ARCH = YES;
				SDKROOT = iphoneos;
			};
			name = Debug;
		};
		C758CCED24EB7F5F003C406A /* Release */ = {
			isa = XCBuildConfiguration;
			buildSettings = {
				ALWAYS_SEARCH_USER_PATHS = NO;
				CLANG_ANALYZER_NONNULL = YES;
				CLANG_ANALYZER_NUMBER_OBJECT_CONVERSION = YES_AGGRESSIVE;
				CLANG_CXX_LANGUAGE_STANDARD = "gnu++14";
				CLANG_CXX_LIBRARY = "libc++";
				CLANG_ENABLE_MODULES = YES;
				CLANG_ENABLE_OBJC_ARC = YES;
				CLANG_ENABLE_OBJC_WEAK = YES;
				CLANG_WARN_BLOCK_CAPTURE_AUTORELEASING = YES;
				CLANG_WARN_BOOL_CONVERSION = YES;
				CLANG_WARN_COMMA = YES;
				CLANG_WARN_CONSTANT_CONVERSION = YES;
				CLANG_WARN_DEPRECATED_OBJC_IMPLEMENTATIONS = YES;
				CLANG_WARN_DIRECT_OBJC_ISA_USAGE = YES_ERROR;
				CLANG_WARN_DOCUMENTATION_COMMENTS = YES;
				CLANG_WARN_EMPTY_BODY = YES;
				CLANG_WARN_ENUM_CONVERSION = YES;
				CLANG_WARN_INFINITE_RECURSION = YES;
				CLANG_WARN_INT_CONVERSION = YES;
				CLANG_WARN_NON_LITERAL_NULL_CONVERSION = YES;
				CLANG_WARN_OBJC_IMPLICIT_RETAIN_SELF = YES;
				CLANG_WARN_OBJC_LITERAL_CONVERSION = YES;
				CLANG_WARN_OBJC_ROOT_CLASS = YES_ERROR;
				CLANG_WARN_RANGE_LOOP_ANALYSIS = YES;
				CLANG_WARN_STRICT_PROTOTYPES = YES;
				CLANG_WARN_SUSPICIOUS_MOVE = YES;
				CLANG_WARN_UNGUARDED_AVAILABILITY = YES_AGGRESSIVE;
				CLANG_WARN_UNREACHABLE_CODE = YES;
				CLANG_WARN__DUPLICATE_METHOD_MATCH = YES;
				COPY_PHASE_STRIP = NO;
				DEBUG_INFORMATION_FORMAT = "dwarf-with-dsym";
				ENABLE_NS_ASSERTIONS = NO;
				ENABLE_STRICT_OBJC_MSGSEND = YES;
				GCC_C_LANGUAGE_STANDARD = gnu11;
				GCC_NO_COMMON_BLOCKS = YES;
				GCC_WARN_64_TO_32_BIT_CONVERSION = YES;
				GCC_WARN_ABOUT_RETURN_TYPE = YES_ERROR;
				GCC_WARN_UNDECLARED_SELECTOR = YES;
				GCC_WARN_UNINITIALIZED_AUTOS = YES_AGGRESSIVE;
				GCC_WARN_UNUSED_FUNCTION = YES;
				GCC_WARN_UNUSED_VARIABLE = YES;
				IPHONEOS_DEPLOYMENT_TARGET = 13.5;
				MTL_ENABLE_DEBUG_INFO = NO;
				MTL_FAST_MATH = YES;
				SDKROOT = iphoneos;
				VALIDATE_PRODUCT = YES;
			};
			name = Release;
		};
		C758CCEF24EB7F5F003C406A /* Debug */ = {
			isa = XCBuildConfiguration;
			baseConfigurationReference = 9C3E631E57C6DCADE269362E /* Pods-NLiteAVDemo.debug.xcconfig */;
			buildSettings = {
				ASSETCATALOG_COMPILER_APPICON_NAME = AppIcon;
				CODE_SIGN_ENTITLEMENTS = NLiteAVDemo/NLiteAVDemo.entitlements;
				CODE_SIGN_IDENTITY = "iPhone Developer";
				CODE_SIGN_STYLE = Manual;
				CURRENT_PROJECT_VERSION = 1;
				DEVELOPMENT_TEAM = 569GNZ5392;
				ENABLE_BITCODE = NO;
				GCC_PREFIX_HEADER = "$(SRCROOT)/NLiteAVDemo/PrefixHeader.pch";
				INFOPLIST_FILE = NLiteAVDemo/Info.plist;
				IPHONEOS_DEPLOYMENT_TARGET = 9.0;
				LD_RUNPATH_SEARCH_PATHS = (
					"$(inherited)",
					"@executable_path/Frameworks",
				);
				MARKETING_VERSION = 1.1.0;
				PRODUCT_BUNDLE_IDENTIFIER = com.netease.NELiteAVDemo;
				PRODUCT_NAME = "云信视频通话";
				PROVISIONING_PROFILE_SPECIFIER = NELiteAVDemo_Profile_Dev;
				TARGETED_DEVICE_FAMILY = "1,2";
			};
			name = Debug;
		};
		C758CCF024EB7F5F003C406A /* Release */ = {
			isa = XCBuildConfiguration;
			baseConfigurationReference = F529C3FC806BA1848C19DF0C /* Pods-NLiteAVDemo.release.xcconfig */;
			buildSettings = {
				ASSETCATALOG_COMPILER_APPICON_NAME = AppIcon;
				CODE_SIGN_ENTITLEMENTS = NLiteAVDemo/NLiteAVDemo.entitlements;
				CODE_SIGN_IDENTITY = "iPhone Distribution";
				CODE_SIGN_STYLE = Manual;
				CURRENT_PROJECT_VERSION = 1;
				DEVELOPMENT_TEAM = J669Y64Z9Y;
				ENABLE_BITCODE = NO;
				GCC_PREFIX_HEADER = "$(SRCROOT)/NLiteAVDemo/PrefixHeader.pch";
				INFOPLIST_FILE = NLiteAVDemo/Info.plist;
				IPHONEOS_DEPLOYMENT_TARGET = 9.0;
				LD_RUNPATH_SEARCH_PATHS = (
					"$(inherited)",
					"@executable_path/Frameworks",
				);
				MARKETING_VERSION = 1.1.0;
				PRODUCT_BUNDLE_IDENTIFIER = com.netease.NEAVDemo;
				PRODUCT_NAME = "云信视频通话";
				PROVISIONING_PROFILE_SPECIFIER = NEAVDemo_AppStore;
				TARGETED_DEVICE_FAMILY = "1,2";
			};
			name = Release;
		};
/* End XCBuildConfiguration section */

/* Begin XCConfigurationList section */
		C758CCD024EB7F5A003C406A /* Build configuration list for PBXProject "NLiteAVDemo" */ = {
			isa = XCConfigurationList;
			buildConfigurations = (
				C758CCEC24EB7F5F003C406A /* Debug */,
				C758CCED24EB7F5F003C406A /* Release */,
			);
			defaultConfigurationIsVisible = 0;
			defaultConfigurationName = Release;
		};
		C758CCEE24EB7F5F003C406A /* Build configuration list for PBXNativeTarget "NLiteAVDemo" */ = {
			isa = XCConfigurationList;
			buildConfigurations = (
				C758CCEF24EB7F5F003C406A /* Debug */,
				C758CCF024EB7F5F003C406A /* Release */,
			);
			defaultConfigurationIsVisible = 0;
			defaultConfigurationName = Release;
		};
/* End XCConfigurationList section */
	};
	rootObject = C758CCCD24EB7F5A003C406A /* Project object */;
}
