PODS:
  - IQKeyboardManager (6.5.6)
  - Masonry (1.1.0)
  - MJRefresh (3.5.0)
  - Nama-lite (7.1.2)
  - NERtcSDK (3.7.3)
  - NIMSDK_LITE (8.1.2)
  - SDWebImage (5.7.4):
    - SDWebImage/Core (= 5.7.4)
  - SDWebImage/Core (5.7.4)
  - Toast (4.0.0)
  - YYModel (1.0.4)

DEPENDENCIES:
  - IQKeyboardManager (~> 6.5.6)
  - Masonry
  - MJRefresh
  - Nama-lite (= 7.1.2)
  - NERtcSDK (~> 3.7.3)
  - NIMSDK_LITE (~> 8.1.0)
  - SDWebImage (~> 5.7.1)
  - Toast
  - YYModel

SPEC REPOS:
  https://github.com/cocoapods/specs.git:
    - IQKeyboardManager
    - Masonry
    - MJRefresh
    - Nama-lite
    - NERtcSDK
    - NIMSDK_LITE
    - SDWebImage
    - Toast
    - YYModel

SPEC CHECKSUMS:
  IQKeyboardManager: 2a6e97afdafc7becf0cb17a9a8d795e3a980717f
  Masonry: 678fab65091a9290e40e2832a55e7ab731aad201
  MJRefresh: 6afc955813966afb08305477dd7a0d9ad5e79a16
  Nama-lite: c159bac674153b9031259db0a4ac055a960526a8
  NERtcSDK: adf3f3cf08e1cc1639f5e6decdde224630d1eac6
  NIMSDK_LITE: 72a313020c66fcd7e980f7d88d98a1b829862f03
  SDWebImage: 48b88379b798fd1e4298f95bb25d2cdabbf4deb3
  Toast: 91b396c56ee72a5790816f40d3a94dd357abc196
  YYModel: 2a7fdd96aaa4b86a824e26d0c517de8928c04b30

PODFILE CHECKSUM: dfbf8c632ee49bca51eb80160c4a1cb70ade58ee

COCOAPODS: 1.7.1
